
Microsoft Visual Studio Solution File, Format Version 12.00
# Visual Studio Version 16
VisualStudioVersion = 16.0.30717.126
MinimumVisualStudioVersion = 10.0.40219.1
Project("{FAE04EC0-301F-11D3-BF4B-00C04F79EFBC}") = "RendimientoPlantaWS", "RendimientoPlantaWS\RendimientoPlantaWS.csproj", "{53C9E410-8323-467A-9220-2F04A080216A}"
EndProject
Global
	GlobalSection(SolutionConfigurationPlatforms) = preSolution
		Debug|Any CPU = Debug|Any CPU
		Release|Any CPU = Release|Any CPU
	EndGlobalSection
	GlobalSection(ProjectConfigurationPlatforms) = postSolution
		{53C9E410-8323-467A-9220-2F04A080216A}.Debug|Any CPU.ActiveCfg = Debug|Any CPU
		{53C9E410-8323-467A-9220-2F04A080216A}.Debug|Any CPU.Build.0 = Debug|Any CPU
		{53C9E410-8323-467A-9220-2F04A080216A}.Release|Any CPU.ActiveCfg = Release|Any CPU
		{53C9E410-8323-467A-9220-2F04A080216A}.Release|Any CPU.Build.0 = Release|Any CPU
	EndGlobalSection
	GlobalSection(SolutionProperties) = preSolution
		HideSolutionNode = FALSE
	EndGlobalSection
	GlobalSection(ExtensibilityGlobals) = postSolution
		SolutionGuid = {47D14BEE-FC10-4496-A160-FDFB29723979}
	EndGlobalSection
EndGlobal
